
Microsoft Visual Studio Solution File, Format Version 12.00
# Visual Studio Version 16
VisualStudioVersion = 16.0.28803.352
MinimumVisualStudioVersion = 10.0.40219.1
Project("{FAE04EC0-301F-11D3-BF4B-00C04F79EFBC}") = "VSDemo1", "VSDemo1\VSDemo1.csproj", "{7FE50AE6-A50D-4EF9-8028-76D616286EBA}"
EndProject
Global
	GlobalSection(SolutionConfigurationPlatforms) = preSolution
		Debug|Any CPU = Debug|Any CPU
		Release|Any CPU = Release|Any CPU
	EndGlobalSection
	GlobalSection(ProjectConfigurationPlatforms) = postSolution
		{7FE50AE6-A50D-4EF9-8028-76D616286EBA}.Debug|Any CPU.ActiveCfg = Debug|Any CPU
		{7FE50AE6-A50D-4EF9-8028-76D616286EBA}.Debug|Any CPU.Build.0 = Debug|Any CPU
		{7FE50AE6-A50D-4EF9-8028-76D616286EBA}.Release|Any CPU.ActiveCfg = Release|Any CPU
		{7FE50AE6-A50D-4EF9-8028-76D616286EBA}.Release|Any CPU.Build.0 = Release|Any CPU
	EndGlobalSection
	GlobalSection(SolutionProperties) = preSolution
		HideSolutionNode = FALSE
	EndGlobalSection
	GlobalSection(ExtensibilityGlobals) = postSolution
		SolutionGuid = {F77555A0-D165-48E5-AA4C-9CC360FB5780}
	EndGlobalSection
EndGlobal
