
Microsoft Visual Studio Solution File, Format Version 12.00
# Visual Studio Version 16
VisualStudioVersion = 16.0.28803.156
MinimumVisualStudioVersion = 10.0.40219.1
Project("{FAE04EC0-301F-11D3-BF4B-00C04F79EFBC}") = "CSharp8.0", "CSharp8.0\CSharp8.0.csproj", "{5BD736A2-D01D-4E88-93BA-A492E30BDC53}"
EndProject
Global
	GlobalSection(SolutionConfigurationPlatforms) = preSolution
		Debug|Any CPU = Debug|Any CPU
		Release|Any CPU = Release|Any CPU
	EndGlobalSection
	GlobalSection(ProjectConfigurationPlatforms) = postSolution
		{5BD736A2-D01D-4E88-93BA-A492E30BDC53}.Debug|Any CPU.ActiveCfg = Debug|Any CPU
		{5BD736A2-D01D-4E88-93BA-A492E30BDC53}.Debug|Any CPU.Build.0 = Debug|Any CPU
		{5BD736A2-D01D-4E88-93BA-A492E30BDC53}.Release|Any CPU.ActiveCfg = Release|Any CPU
		{5BD736A2-D01D-4E88-93BA-A492E30BDC53}.Release|Any CPU.Build.0 = Release|Any CPU
	EndGlobalSection
	GlobalSection(SolutionProperties) = preSolution
		HideSolutionNode = FALSE
	EndGlobalSection
	GlobalSection(ExtensibilityGlobals) = postSolution
		SolutionGuid = {929E6708-C7A5-4059-BCBE-8F9000B61A75}
	EndGlobalSection
EndGlobal
